
Microsoft Visual Studio Solution File, Format Version 12.00
# Visual Studio Version 17
VisualStudioVersion = 17.9.34622.214
MinimumVisualStudioVersion = 10.0.40219.1
Project("{FAE04EC0-301F-11D3-BF4B-00C04F79EFBC}") = "Desafio2", "Desafio2\Desafio2.csproj", "{1FA7D1BF-BD5E-4F35-A7DD-D587183891BF}"
EndProject
Global
	GlobalSection(SolutionConfigurationPlatforms) = preSolution
		Debug|Any CPU = Debug|Any CPU
		Release|Any CPU = Release|Any CPU
	EndGlobalSection
	GlobalSection(ProjectConfigurationPlatforms) = postSolution
		{1FA7D1BF-BD5E-4F35-A7DD-D587183891BF}.Debug|Any CPU.ActiveCfg = Debug|Any CPU
		{1FA7D1BF-BD5E-4F35-A7DD-D587183891BF}.Debug|Any CPU.Build.0 = Debug|Any CPU
		{1FA7D1BF-BD5E-4F35-A7DD-D587183891BF}.Release|Any CPU.ActiveCfg = Release|Any CPU
		{1FA7D1BF-BD5E-4F35-A7DD-D587183891BF}.Release|Any CPU.Build.0 = Release|Any CPU
	EndGlobalSection
	GlobalSection(SolutionProperties) = preSolution
		HideSolutionNode = FALSE
	EndGlobalSection
	GlobalSection(ExtensibilityGlobals) = postSolution
		SolutionGuid = {8831D352-498C-4B10-853C-98D83FD40BB9}
	EndGlobalSection
EndGlobal
